// !$*UTF8*$!
{
	archiveVersion = 1;
	classes = {
	};
	objectVersion = 46;
	objects = {

/* Begin PBXBuildFile section */
		07FFA19B1E2DE07900D4D7F3 /* AppDelegate.swift in Sources */ = {isa = PBXBuildFile; fileRef = 07FFA19A1E2DE07900D4D7F3 /* AppDelegate.swift */; };
		07FFA19D1E2DE07900D4D7F3 /* ViewController.swift in Sources */ = {isa = PBXBuildFile; fileRef = 07FFA19C1E2DE07900D4D7F3 /* ViewController.swift */; };
		07FFA1A01E2DE07900D4D7F3 /* Main.storyboard in Resources */ = {isa = PBXBuildFile; fileRef = 07FFA19E1E2DE07900D4D7F3 /* Main.storyboard */; };
		07FFA1A21E2DE07900D4D7F3 /* Assets.xcassets in Resources */ = {isa = PBXBuildFile; fileRef = 07FFA1A11E2DE07900D4D7F3 /* Assets.xcassets */; };
		07FFA1A51E2DE07900D4D7F3 /* LaunchScreen.storyboard in Resources */ = {isa = PBXBuildFile; fileRef = 07FFA1A31E2DE07900D4D7F3 /* LaunchScreen.storyboard */; };
		07FFA1AD1E2DE0B100D4D7F3 /* Avatar.swift in Sources */ = {isa = PBXBuildFile; fileRef = 07FFA1AC1E2DE0B100D4D7F3 /* Avatar.swift */; };
		07FFA1CD1E2E54E300D4D7F3 /* AvatarCell.swift in Sources */ = {isa = PBXBuildFile; fileRef = 07FFA1CC1E2E54E300D4D7F3 /* AvatarCell.swift */; };
		07FFA1D11E2E55FE00D4D7F3 /* AvatarEditingViewController.swift in Sources */ = {isa = PBXBuildFile; fileRef = 07FFA1D01E2E55FE00D4D7F3 /* AvatarEditingViewController.swift */; };
/* End PBXBuildFile section */

/* Begin PBXFileReference section */
		07FFA1971E2DE07900D4D7F3 /* Character2.app */ = {isa = PBXFileReference; explicitFileType = wrapper.application; includeInIndex = 0; path = Character2.app; sourceTree = BUILT_PRODUCTS_DIR; };
		07FFA19A1E2DE07900D4D7F3 /* AppDelegate.swift */ = {isa = PBXFileReference; lastKnownFileType = sourcecode.swift; path = AppDelegate.swift; sourceTree = "<group>"; };
		07FFA19C1E2DE07900D4D7F3 /* ViewController.swift */ = {isa = PBXFileReference; lastKnownFileType = sourcecode.swift; path = ViewController.swift; sourceTree = "<group>"; };
		07FFA19F1E2DE07900D4D7F3 /* Base */ = {isa = PBXFileReference; lastKnownFileType = file.storyboard; name = Base; path = Base.lproj/Main.storyboard; sourceTree = "<group>"; };
		07FFA1A11E2DE07900D4D7F3 /* Assets.xcassets */ = {isa = PBXFileReference; lastKnownFileType = folder.assetcatalog; path = Assets.xcassets; sourceTree = "<group>"; };
		07FFA1A41E2DE07900D4D7F3 /* Base */ = {isa = PBXFileReference; lastKnownFileType = file.storyboard; name = Base; path = Base.lproj/LaunchScreen.storyboard; sourceTree = "<group>"; };
		07FFA1A61E2DE07900D4D7F3 /* Info.plist */ = {isa = PBXFileReference; lastKnownFileType = text.plist.xml; path = Info.plist; sourceTree = "<group>"; };
		07FFA1AC1E2DE0B100D4D7F3 /* Avatar.swift */ = {isa = PBXFileReference; fileEncoding = 4; lastKnownFileType = sourcecode.swift; path = Avatar.swift; sourceTree = "<group>"; };
		07FFA1CC1E2E54E300D4D7F3 /* AvatarCell.swift */ = {isa = PBXFileReference; fileEncoding = 4; lastKnownFileType = sourcecode.swift; path = AvatarCell.swift; sourceTree = "<group>"; };
		07FFA1D01E2E55FE00D4D7F3 /* AvatarEditingViewController.swift */ = {isa = PBXFileReference; fileEncoding = 4; lastKnownFileType = sourcecode.swift; path = AvatarEditingViewController.swift; sourceTree = "<group>"; };
/* End PBXFileReference section */

/* Begin PBXFrameworksBuildPhase section */
		07FFA1941E2DE07900D4D7F3 /* Frameworks */ = {
			isa = PBXFrameworksBuildPhase;
			buildActionMask = 2147483647;
			files = (
			);
			runOnlyForDeploymentPostprocessing = 0;
		};
/* End PBXFrameworksBuildPhase section */

/* Begin PBXGroup section */
		07FFA18E1E2DE07900D4D7F3 = {
			isa = PBXGroup;
			children = (
				07FFA1991E2DE07900D4D7F3 /* Character2 */,
				07FFA1981E2DE07900D4D7F3 /* Products */,
			);
			sourceTree = "<group>";
		};
		07FFA1981E2DE07900D4D7F3 /* Products */ = {
			isa = PBXGroup;
			children = (
				07FFA1971E2DE07900D4D7F3 /* Character2.app */,
			);
			name = Products;
			sourceTree = "<group>";
		};
		07FFA1991E2DE07900D4D7F3 /* Character2 */ = {
			isa = PBXGroup;
			children = (
				07FFA19A1E2DE07900D4D7F3 /* AppDelegate.swift */,
				07FFA19C1E2DE07900D4D7F3 /* ViewController.swift */,
				07FFA1CC1E2E54E300D4D7F3 /* AvatarCell.swift */,
				07FFA1D01E2E55FE00D4D7F3 /* AvatarEditingViewController.swift */,
				07FFA1AC1E2DE0B100D4D7F3 /* Avatar.swift */,
				07FFA19E1E2DE07900D4D7F3 /* Main.storyboard */,
				07FFA1A11E2DE07900D4D7F3 /* Assets.xcassets */,
				07FFA1A31E2DE07900D4D7F3 /* LaunchScreen.storyboard */,
				07FFA1A61E2DE07900D4D7F3 /* Info.plist */,
			);
			path = Character2;
			sourceTree = "<group>";
		};
/* End PBXGroup section */

/* Begin PBXNativeTarget section */
		07FFA1961E2DE07900D4D7F3 /* Character2 */ = {
			isa = PBXNativeTarget;
			buildConfigurationList = 07FFA1A91E2DE07900D4D7F3 /* Build configuration list for PBXNativeTarget "Character2" */;
			buildPhases = (
				07FFA1931E2DE07900D4D7F3 /* Sources */,
				07FFA1941E2DE07900D4D7F3 /* Frameworks */,
				07FFA1951E2DE07900D4D7F3 /* Resources */,
			);
			buildRules = (
			);
			dependencies = (
			);
			name = Character2;
			productName = Character2;
			productReference = 07FFA1971E2DE07900D4D7F3 /* Character2.app */;
			productType = "com.apple.product-type.application";
		};
/* End PBXNativeTarget section */

/* Begin PBXProject section */
		07FFA18F1E2DE07900D4D7F3 /* Project object */ = {
			isa = PBXProject;
			attributes = {
				LastSwiftUpdateCheck = 0820;
				LastUpgradeCheck = 0820;
				ORGANIZATIONNAME = dssafsfsd;
				TargetAttributes = {
					07FFA1961E2DE07900D4D7F3 = {
						CreatedOnToolsVersion = 8.2.1;
						ProvisioningStyle = Automatic;
					};
				};
			};
			buildConfigurationList = 07FFA1921E2DE07900D4D7F3 /* Build configuration list for PBXProject "Character2" */;
			compatibilityVersion = "Xcode 3.2";
			developmentRegion = English;
			hasScannedForEncodings = 0;
			knownRegions = (
				en,
				Base,
			);
			mainGroup = 07FFA18E1E2DE07900D4D7F3;
			productRefGroup = 07FFA1981E2DE07900D4D7F3 /* Products */;
			projectDirPath = "";
			projectRoot = "";
			targets = (
				07FFA1961E2DE07900D4D7F3 /* Character2 */,
			);
		};
/* End PBXProject section */

/* Begin PBXResourcesBuildPhase section */
		07FFA1951E2DE07900D4D7F3 /* Resources */ = {
			isa = PBXResourcesBuildPhase;
			buildActionMask = 2147483647;
			files = (
				07FFA1A51E2DE07900D4D7F3 /* LaunchScreen.storyboard in Resources */,
				07FFA1A21E2DE07900D4D7F3 /* Assets.xcassets in Resources */,
				07FFA1A01E2DE07900D4D7F3 /* Main.storyboard in Resources */,
			);
			runOnlyForDeploymentPostprocessing = 0;
		};
/* End PBXResourcesBuildPhase section */

/* Begin PBXSourcesBuildPhase section */
		07FFA1931E2DE07900D4D7F3 /* Sources */ = {
			isa = PBXSourcesBuildPhase;
			buildActionMask = 2147483647;
			files = (
				07FFA1D11E2E55FE00D4D7F3 /* AvatarEditingViewController.swift in Sources */,
				07FFA1AD1E2DE0B100D4D7F3 /* Avatar.swift in Sources */,
				07FFA19D1E2DE07900D4D7F3 /* ViewController.swift in Sources */,
				07FFA1CD1E2E54E300D4D7F3 /* AvatarCell.swift in Sources */,
				07FFA19B1E2DE07900D4D7F3 /* AppDelegate.swift in Sources */,
			);
			runOnlyForDeploymentPostprocessing = 0;
		};
/* End PBXSourcesBuildPhase section */

/* Begin PBXVariantGroup section */
		07FFA19E1E2DE07900D4D7F3 /* Main.storyboard */ = {
			isa = PBXVariantGroup;
			children = (
				07FFA19F1E2DE07900D4D7F3 /* Base */,
			);
			name = Main.storyboard;
			sourceTree = "<group>";
		};
		07FFA1A31E2DE07900D4D7F3 /* LaunchScreen.storyboard */ = {
			isa = PBXVariantGroup;
			children = (
				07FFA1A41E2DE07900D4D7F3 /* Base */,
			);
			name = LaunchScreen.storyboard;
			sourceTree = "<group>";
		};
/* End PBXVariantGroup section */

/* Begin XCBuildConfiguration section */
		07FFA1A71E2DE07900D4D7F3 /* Debug */ = {
			isa = XCBuildConfiguration;
			buildSettings = {
				ALWAYS_SEARCH_USER_PATHS = NO;
				CLANG_ANALYZER_NONNULL = YES;
				CLANG_CXX_LANGUAGE_STANDARD = "gnu++0x";
				CLANG_CXX_LIBRARY = "libc++";
				CLANG_ENABLE_MODULES = YES;
				CLANG_ENABLE_OBJC_ARC = YES;
				CLANG_WARN_BOOL_CONVERSION = YES;
				CLANG_WARN_CONSTANT_CONVERSION = YES;
				CLANG_WARN_DIRECT_OBJC_ISA_USAGE = YES_ERROR;
				CLANG_WARN_DOCUMENTATION_COMMENTS = YES;
				CLANG_WARN_EMPTY_BODY = YES;
				CLANG_WARN_ENUM_CONVERSION = YES;
				CLANG_WARN_INFINITE_RECURSION = YES;
				CLANG_WARN_INT_CONVERSION = YES;
				CLANG_WARN_OBJC_ROOT_CLASS = YES_ERROR;
				CLANG_WARN_SUSPICIOUS_MOVE = YES;
				CLANG_WARN_UNREACHABLE_CODE = YES;
				CLANG_WARN__DUPLICATE_METHOD_MATCH = YES;
				"CODE_SIGN_IDENTITY[sdk=iphoneos*]" = "iPhone Developer";
				COPY_PHASE_STRIP = NO;
				DEBUG_INFORMATION_FORMAT = dwarf;
				ENABLE_STRICT_OBJC_MSGSEND = YES;
				ENABLE_TESTABILITY = YES;
				GCC_C_LANGUAGE_STANDARD = gnu99;
				GCC_DYNAMIC_NO_PIC = NO;
				GCC_NO_COMMON_BLOCKS = YES;
				GCC_OPTIMIZATION_LEVEL = 0;
				GCC_PREPROCESSOR_DEFINITIONS = (
					"DEBUG=1",
					"$(inherited)",
				);
				GCC_WARN_64_TO_32_BIT_CONVERSION = YES;
				GCC_WARN_ABOUT_RETURN_TYPE = YES_ERROR;
				GCC_WARN_UNDECLARED_SELECTOR = YES;
				GCC_WARN_UNINITIALIZED_AUTOS = YES_AGGRESSIVE;
				GCC_WARN_UNUSED_FUNCTION = YES;
				GCC_WARN_UNUSED_VARIABLE = YES;
				IPHONEOS_DEPLOYMENT_TARGET = 10.2;
				MTL_ENABLE_DEBUG_INFO = YES;
				ONLY_ACTIVE_ARCH = YES;
				SDKROOT = iphoneos;
				SWIFT_ACTIVE_COMPILATION_CONDITIONS = DEBUG;
				SWIFT_OPTIMIZATION_LEVEL = "-Onone";
				TARGETED_DEVICE_FAMILY = "1,2";
			};
			name = Debug;
		};
		07FFA1A81E2DE07900D4D7F3 /* Release */ = {
			isa = XCBuildConfiguration;
			buildSettings = {
				ALWAYS_SEARCH_USER_PATHS = NO;
				CLANG_ANALYZER_NONNULL = YES;
				CLANG_CXX_LANGUAGE_STANDARD = "gnu++0x";
				CLANG_CXX_LIBRARY = "libc++";
				CLANG_ENABLE_MODULES = YES;
				CLANG_ENABLE_OBJC_ARC = YES;
				CLANG_WARN_BOOL_CONVERSION = YES;
				CLANG_WARN_CONSTANT_CONVERSION = YES;
				CLANG_WARN_DIRECT_OBJC_ISA_USAGE = YES_ERROR;
				CLANG_WARN_DOCUMENTATION_COMMENTS = YES;
				CLANG_WARN_EMPTY_BODY = YES;
				CLANG_WARN_ENUM_CONVERSION = YES;
				CLANG_WARN_INFINITE_RECURSION = YES;
				CLANG_WARN_INT_CONVERSION = YES;
				CLANG_WARN_OBJC_ROOT_CLASS = YES_ERROR;
				CLANG_WARN_SUSPICIOUS_MOVE = YES;
				CLANG_WARN_UNREACHABLE_CODE = YES;
				CLANG_WARN__DUPLICATE_METHOD_MATCH = YES;
				"CODE_SIGN_IDENTITY[sdk=iphoneos*]" = "iPhone Developer";
				COPY_PHASE_STRIP = NO;
				DEBUG_INFORMATION_FORMAT = "dwarf-with-dsym";
				ENABLE_NS_ASSERTIONS = NO;
				ENABLE_STRICT_OBJC_MSGSEND = YES;
				GCC_C_LANGUAGE_STANDARD = gnu99;
				GCC_NO_COMMON_BLOCKS = YES;
				GCC_WARN_64_TO_32_BIT_CONVERSION = YES;
				GCC_WARN_ABOUT_RETURN_TYPE = YES_ERROR;
				GCC_WARN_UNDECLARED_SELECTOR = YES;
				GCC_WARN_UNINITIALIZED_AUTOS = YES_AGGRESSIVE;
				GCC_WARN_UNUSED_FUNCTION = YES;
				GCC_WARN_UNUSED_VARIABLE = YES;
				IPHONEOS_DEPLOYMENT_TARGET = 10.2;
				MTL_ENABLE_DEBUG_INFO = NO;
				SDKROOT = iphoneos;
				SWIFT_OPTIMIZATION_LEVEL = "-Owholemodule";
				TARGETED_DEVICE_FAMILY = "1,2";
				VALIDATE_PRODUCT = YES;
			};
			name = Release;
		};
		07FFA1AA1E2DE07900D4D7F3 /* Debug */ = {
			isa = XCBuildConfiguration;
			buildSettings = {
				ASSETCATALOG_COMPILER_APPICON_NAME = AppIcon;
				INFOPLIST_FILE = Character2/Info.plist;
				LD_RUNPATH_SEARCH_PATHS = "$(inherited) @executable_path/Frameworks";
				PRODUCT_BUNDLE_IDENTIFIER = dsafdsfads.Character2;
				PRODUCT_NAME = "$(TARGET_NAME)";
				SWIFT_VERSION = 3.0;
			};
			name = Debug;
		};
		07FFA1AB1E2DE07900D4D7F3 /* Release */ = {
			isa = XCBuildConfiguration;
			buildSettings = {
				ASSETCATALOG_COMPILER_APPICON_NAME = AppIcon;
				INFOPLIST_FILE = Character2/Info.plist;
				LD_RUNPATH_SEARCH_PATHS = "$(inherited) @executable_path/Frameworks";
				PRODUCT_BUNDLE_IDENTIFIER = dsafdsfads.Character2;
				PRODUCT_NAME = "$(TARGET_NAME)";
				SWIFT_VERSION = 3.0;
			};
			name = Release;
		};
/* End XCBuildConfiguration section */

/* Begin XCConfigurationList section */
		07FFA1921E2DE07900D4D7F3 /* Build configuration list for PBXProject "Character2" */ = {
			isa = XCConfigurationList;
			buildConfigurations = (
				07FFA1A71E2DE07900D4D7F3 /* Debug */,
				07FFA1A81E2DE07900D4D7F3 /* Release */,
			);
			defaultConfigurationIsVisible = 0;
			defaultConfigurationName = Release;
		};
		07FFA1A91E2DE07900D4D7F3 /* Build configuration list for PBXNativeTarget "Character2" */ = {
			isa = XCConfigurationList;
			buildConfigurations = (
				07FFA1AA1E2DE07900D4D7F3 /* Debug */,
				07FFA1AB1E2DE07900D4D7F3 /* Release */,
			);
			defaultConfigurationIsVisible = 0;
		};
/* End XCConfigurationList section */
	};
	rootObject = 07FFA18F1E2DE07900D4D7F3 /* Project object */;
}
