// !$*UTF8*$!
{
	archiveVersion = 1;
	classes = {
	};
	objectVersion = 46;
	objects = {

/* Begin PBXBuildFile section */
		0742D7931E301950006E1293 /* DoubleTableViewCell.swift in Sources */ = {isa = PBXBuildFile; fileRef = 0742D7921E301950006E1293 /* DoubleTableViewCell.swift */; };
		07915BA11E30057E008A06B9 /* AppDelegate.swift in Sources */ = {isa = PBXBuildFile; fileRef = 07915BA01E30057E008A06B9 /* AppDelegate.swift */; };
		07915BA31E30057E008A06B9 /* DoubleViewController.swift in Sources */ = {isa = PBXBuildFile; fileRef = 07915BA21E30057E008A06B9 /* DoubleViewController.swift */; };
		07915BA61E30057E008A06B9 /* Main.storyboard in Resources */ = {isa = PBXBuildFile; fileRef = 07915BA41E30057E008A06B9 /* Main.storyboard */; };
		07915BA81E30057E008A06B9 /* Assets.xcassets in Resources */ = {isa = PBXBuildFile; fileRef = 07915BA71E30057E008A06B9 /* Assets.xcassets */; };
		07915BAB1E30057E008A06B9 /* LaunchScreen.storyboard in Resources */ = {isa = PBXBuildFile; fileRef = 07915BA91E30057E008A06B9 /* LaunchScreen.storyboard */; };
		07915BB31E3005E6008A06B9 /* MovieList.swift in Sources */ = {isa = PBXBuildFile; fileRef = 07915BB21E3005E6008A06B9 /* MovieList.swift */; };
/* End PBXBuildFile section */

/* Begin PBXFileReference section */
		0742D7921E301950006E1293 /* DoubleTableViewCell.swift */ = {isa = PBXFileReference; fileEncoding = 4; lastKnownFileType = sourcecode.swift; path = DoubleTableViewCell.swift; sourceTree = "<group>"; };
		07915B9D1E30057E008A06B9 /* DoubleTableView.app */ = {isa = PBXFileReference; explicitFileType = wrapper.application; includeInIndex = 0; path = DoubleTableView.app; sourceTree = BUILT_PRODUCTS_DIR; };
		07915BA01E30057E008A06B9 /* AppDelegate.swift */ = {isa = PBXFileReference; lastKnownFileType = sourcecode.swift; path = AppDelegate.swift; sourceTree = "<group>"; };
		07915BA21E30057E008A06B9 /* DoubleViewController.swift */ = {isa = PBXFileReference; lastKnownFileType = sourcecode.swift; path = DoubleViewController.swift; sourceTree = "<group>"; };
		07915BA51E30057E008A06B9 /* Base */ = {isa = PBXFileReference; lastKnownFileType = file.storyboard; name = Base; path = Base.lproj/Main.storyboard; sourceTree = "<group>"; };
		07915BA71E30057E008A06B9 /* Assets.xcassets */ = {isa = PBXFileReference; lastKnownFileType = folder.assetcatalog; path = Assets.xcassets; sourceTree = "<group>"; };
		07915BAA1E30057E008A06B9 /* Base */ = {isa = PBXFileReference; lastKnownFileType = file.storyboard; name = Base; path = Base.lproj/LaunchScreen.storyboard; sourceTree = "<group>"; };
		07915BAC1E30057E008A06B9 /* Info.plist */ = {isa = PBXFileReference; lastKnownFileType = text.plist.xml; path = Info.plist; sourceTree = "<group>"; };
		07915BB21E3005E6008A06B9 /* MovieList.swift */ = {isa = PBXFileReference; fileEncoding = 4; lastKnownFileType = sourcecode.swift; path = MovieList.swift; sourceTree = "<group>"; };
/* End PBXFileReference section */

/* Begin PBXFrameworksBuildPhase section */
		07915B9A1E30057E008A06B9 /* Frameworks */ = {
			isa = PBXFrameworksBuildPhase;
			buildActionMask = 2147483647;
			files = (
			);
			runOnlyForDeploymentPostprocessing = 0;
		};
/* End PBXFrameworksBuildPhase section */

/* Begin PBXGroup section */
		07915B941E30057E008A06B9 = {
			isa = PBXGroup;
			children = (
				07915B9F1E30057E008A06B9 /* DoubleTableView */,
				07915B9E1E30057E008A06B9 /* Products */,
			);
			sourceTree = "<group>";
		};
		07915B9E1E30057E008A06B9 /* Products */ = {
			isa = PBXGroup;
			children = (
				07915B9D1E30057E008A06B9 /* DoubleTableView.app */,
			);
			name = Products;
			sourceTree = "<group>";
		};
		07915B9F1E30057E008A06B9 /* DoubleTableView */ = {
			isa = PBXGroup;
			children = (
				07915BA01E30057E008A06B9 /* AppDelegate.swift */,
				07915BA21E30057E008A06B9 /* DoubleViewController.swift */,
				07915BB21E3005E6008A06B9 /* MovieList.swift */,
				07915BA41E30057E008A06B9 /* Main.storyboard */,
				0742D7921E301950006E1293 /* DoubleTableViewCell.swift */,
				07915BA71E30057E008A06B9 /* Assets.xcassets */,
				07915BA91E30057E008A06B9 /* LaunchScreen.storyboard */,
				07915BAC1E30057E008A06B9 /* Info.plist */,
			);
			path = DoubleTableView;
			sourceTree = "<group>";
		};
/* End PBXGroup section */

/* Begin PBXNativeTarget section */
		07915B9C1E30057E008A06B9 /* DoubleTableView */ = {
			isa = PBXNativeTarget;
			buildConfigurationList = 07915BAF1E30057E008A06B9 /* Build configuration list for PBXNativeTarget "DoubleTableView" */;
			buildPhases = (
				07915B991E30057E008A06B9 /* Sources */,
				07915B9A1E30057E008A06B9 /* Frameworks */,
				07915B9B1E30057E008A06B9 /* Resources */,
			);
			buildRules = (
			);
			dependencies = (
			);
			name = DoubleTableView;
			productName = DoubleTableView;
			productReference = 07915B9D1E30057E008A06B9 /* DoubleTableView.app */;
			productType = "com.apple.product-type.application";
		};
/* End PBXNativeTarget section */

/* Begin PBXProject section */
		07915B951E30057E008A06B9 /* Project object */ = {
			isa = PBXProject;
			attributes = {
				LastSwiftUpdateCheck = 0820;
				LastUpgradeCheck = 0820;
				ORGANIZATIONNAME = dssafsfsd;
				TargetAttributes = {
					07915B9C1E30057E008A06B9 = {
						CreatedOnToolsVersion = 8.2.1;
						ProvisioningStyle = Automatic;
					};
				};
			};
			buildConfigurationList = 07915B981E30057E008A06B9 /* Build configuration list for PBXProject "DoubleTableView" */;
			compatibilityVersion = "Xcode 3.2";
			developmentRegion = English;
			hasScannedForEncodings = 0;
			knownRegions = (
				en,
				Base,
			);
			mainGroup = 07915B941E30057E008A06B9;
			productRefGroup = 07915B9E1E30057E008A06B9 /* Products */;
			projectDirPath = "";
			projectRoot = "";
			targets = (
				07915B9C1E30057E008A06B9 /* DoubleTableView */,
			);
		};
/* End PBXProject section */

/* Begin PBXResourcesBuildPhase section */
		07915B9B1E30057E008A06B9 /* Resources */ = {
			isa = PBXResourcesBuildPhase;
			buildActionMask = 2147483647;
			files = (
				07915BAB1E30057E008A06B9 /* LaunchScreen.storyboard in Resources */,
				07915BA81E30057E008A06B9 /* Assets.xcassets in Resources */,
				07915BA61E30057E008A06B9 /* Main.storyboard in Resources */,
			);
			runOnlyForDeploymentPostprocessing = 0;
		};
/* End PBXResourcesBuildPhase section */

/* Begin PBXSourcesBuildPhase section */
		07915B991E30057E008A06B9 /* Sources */ = {
			isa = PBXSourcesBuildPhase;
			buildActionMask = 2147483647;
			files = (
				07915BB31E3005E6008A06B9 /* MovieList.swift in Sources */,
				07915BA31E30057E008A06B9 /* DoubleViewController.swift in Sources */,
				0742D7931E301950006E1293 /* DoubleTableViewCell.swift in Sources */,
				07915BA11E30057E008A06B9 /* AppDelegate.swift in Sources */,
			);
			runOnlyForDeploymentPostprocessing = 0;
		};
/* End PBXSourcesBuildPhase section */

/* Begin PBXVariantGroup section */
		07915BA41E30057E008A06B9 /* Main.storyboard */ = {
			isa = PBXVariantGroup;
			children = (
				07915BA51E30057E008A06B9 /* Base */,
			);
			name = Main.storyboard;
			sourceTree = "<group>";
		};
		07915BA91E30057E008A06B9 /* LaunchScreen.storyboard */ = {
			isa = PBXVariantGroup;
			children = (
				07915BAA1E30057E008A06B9 /* Base */,
			);
			name = LaunchScreen.storyboard;
			sourceTree = "<group>";
		};
/* End PBXVariantGroup section */

/* Begin XCBuildConfiguration section */
		07915BAD1E30057E008A06B9 /* Debug */ = {
			isa = XCBuildConfiguration;
			buildSettings = {
				ALWAYS_SEARCH_USER_PATHS = NO;
				CLANG_ANALYZER_NONNULL = YES;
				CLANG_CXX_LANGUAGE_STANDARD = "gnu++0x";
				CLANG_CXX_LIBRARY = "libc++";
				CLANG_ENABLE_MODULES = YES;
				CLANG_ENABLE_OBJC_ARC = YES;
				CLANG_WARN_BOOL_CONVERSION = YES;
				CLANG_WARN_CONSTANT_CONVERSION = YES;
				CLANG_WARN_DIRECT_OBJC_ISA_USAGE = YES_ERROR;
				CLANG_WARN_DOCUMENTATION_COMMENTS = YES;
				CLANG_WARN_EMPTY_BODY = YES;
				CLANG_WARN_ENUM_CONVERSION = YES;
				CLANG_WARN_INFINITE_RECURSION = YES;
				CLANG_WARN_INT_CONVERSION = YES;
				CLANG_WARN_OBJC_ROOT_CLASS = YES_ERROR;
				CLANG_WARN_SUSPICIOUS_MOVE = YES;
				CLANG_WARN_UNREACHABLE_CODE = YES;
				CLANG_WARN__DUPLICATE_METHOD_MATCH = YES;
				"CODE_SIGN_IDENTITY[sdk=iphoneos*]" = "iPhone Developer";
				COPY_PHASE_STRIP = NO;
				DEBUG_INFORMATION_FORMAT = dwarf;
				ENABLE_STRICT_OBJC_MSGSEND = YES;
				ENABLE_TESTABILITY = YES;
				GCC_C_LANGUAGE_STANDARD = gnu99;
				GCC_DYNAMIC_NO_PIC = NO;
				GCC_NO_COMMON_BLOCKS = YES;
				GCC_OPTIMIZATION_LEVEL = 0;
				GCC_PREPROCESSOR_DEFINITIONS = (
					"DEBUG=1",
					"$(inherited)",
				);
				GCC_WARN_64_TO_32_BIT_CONVERSION = YES;
				GCC_WARN_ABOUT_RETURN_TYPE = YES_ERROR;
				GCC_WARN_UNDECLARED_SELECTOR = YES;
				GCC_WARN_UNINITIALIZED_AUTOS = YES_AGGRESSIVE;
				GCC_WARN_UNUSED_FUNCTION = YES;
				GCC_WARN_UNUSED_VARIABLE = YES;
				IPHONEOS_DEPLOYMENT_TARGET = 10.2;
				MTL_ENABLE_DEBUG_INFO = YES;
				ONLY_ACTIVE_ARCH = YES;
				SDKROOT = iphoneos;
				SWIFT_ACTIVE_COMPILATION_CONDITIONS = DEBUG;
				SWIFT_OPTIMIZATION_LEVEL = "-Onone";
				TARGETED_DEVICE_FAMILY = "1,2";
			};
			name = Debug;
		};
		07915BAE1E30057E008A06B9 /* Release */ = {
			isa = XCBuildConfiguration;
			buildSettings = {
				ALWAYS_SEARCH_USER_PATHS = NO;
				CLANG_ANALYZER_NONNULL = YES;
				CLANG_CXX_LANGUAGE_STANDARD = "gnu++0x";
				CLANG_CXX_LIBRARY = "libc++";
				CLANG_ENABLE_MODULES = YES;
				CLANG_ENABLE_OBJC_ARC = YES;
				CLANG_WARN_BOOL_CONVERSION = YES;
				CLANG_WARN_CONSTANT_CONVERSION = YES;
				CLANG_WARN_DIRECT_OBJC_ISA_USAGE = YES_ERROR;
				CLANG_WARN_DOCUMENTATION_COMMENTS = YES;
				CLANG_WARN_EMPTY_BODY = YES;
				CLANG_WARN_ENUM_CONVERSION = YES;
				CLANG_WARN_INFINITE_RECURSION = YES;
				CLANG_WARN_INT_CONVERSION = YES;
				CLANG_WARN_OBJC_ROOT_CLASS = YES_ERROR;
				CLANG_WARN_SUSPICIOUS_MOVE = YES;
				CLANG_WARN_UNREACHABLE_CODE = YES;
				CLANG_WARN__DUPLICATE_METHOD_MATCH = YES;
				"CODE_SIGN_IDENTITY[sdk=iphoneos*]" = "iPhone Developer";
				COPY_PHASE_STRIP = NO;
				DEBUG_INFORMATION_FORMAT = "dwarf-with-dsym";
				ENABLE_NS_ASSERTIONS = NO;
				ENABLE_STRICT_OBJC_MSGSEND = YES;
				GCC_C_LANGUAGE_STANDARD = gnu99;
				GCC_NO_COMMON_BLOCKS = YES;
				GCC_WARN_64_TO_32_BIT_CONVERSION = YES;
				GCC_WARN_ABOUT_RETURN_TYPE = YES_ERROR;
				GCC_WARN_UNDECLARED_SELECTOR = YES;
				GCC_WARN_UNINITIALIZED_AUTOS = YES_AGGRESSIVE;
				GCC_WARN_UNUSED_FUNCTION = YES;
				GCC_WARN_UNUSED_VARIABLE = YES;
				IPHONEOS_DEPLOYMENT_TARGET = 10.2;
				MTL_ENABLE_DEBUG_INFO = NO;
				SDKROOT = iphoneos;
				SWIFT_OPTIMIZATION_LEVEL = "-Owholemodule";
				TARGETED_DEVICE_FAMILY = "1,2";
				VALIDATE_PRODUCT = YES;
			};
			name = Release;
		};
		07915BB01E30057E008A06B9 /* Debug */ = {
			isa = XCBuildConfiguration;
			buildSettings = {
				ASSETCATALOG_COMPILER_APPICON_NAME = AppIcon;
				INFOPLIST_FILE = DoubleTableView/Info.plist;
				LD_RUNPATH_SEARCH_PATHS = "$(inherited) @executable_path/Frameworks";
				PRODUCT_BUNDLE_IDENTIFIER = dsafdsfads.DoubleTableView;
				PRODUCT_NAME = "$(TARGET_NAME)";
				SWIFT_VERSION = 3.0;
			};
			name = Debug;
		};
		07915BB11E30057E008A06B9 /* Release */ = {
			isa = XCBuildConfiguration;
			buildSettings = {
				ASSETCATALOG_COMPILER_APPICON_NAME = AppIcon;
				INFOPLIST_FILE = DoubleTableView/Info.plist;
				LD_RUNPATH_SEARCH_PATHS = "$(inherited) @executable_path/Frameworks";
				PRODUCT_BUNDLE_IDENTIFIER = dsafdsfads.DoubleTableView;
				PRODUCT_NAME = "$(TARGET_NAME)";
				SWIFT_VERSION = 3.0;
			};
			name = Release;
		};
/* End XCBuildConfiguration section */

/* Begin XCConfigurationList section */
		07915B981E30057E008A06B9 /* Build configuration list for PBXProject "DoubleTableView" */ = {
			isa = XCConfigurationList;
			buildConfigurations = (
				07915BAD1E30057E008A06B9 /* Debug */,
				07915BAE1E30057E008A06B9 /* Release */,
			);
			defaultConfigurationIsVisible = 0;
			defaultConfigurationName = Release;
		};
		07915BAF1E30057E008A06B9 /* Build configuration list for PBXNativeTarget "DoubleTableView" */ = {
			isa = XCConfigurationList;
			buildConfigurations = (
				07915BB01E30057E008A06B9 /* Debug */,
				07915BB11E30057E008A06B9 /* Release */,
			);
			defaultConfigurationIsVisible = 0;
			defaultConfigurationName = Release;
		};
/* End XCConfigurationList section */
	};
	rootObject = 07915B951E30057E008A06B9 /* Project object */;
}
